
Microsoft Visual Studio Solution File, Format Version 12.00
# Visual Studio Version 16
VisualStudioVersion = 16.0.31829.152
MinimumVisualStudioVersion = 10.0.40219.1
Project("{8BC9CEB8-8B4A-11D0-8D11-00A0C91BC942}") = "Lab2", "Lab2.vcxproj", "{6DE03D18-9025-4AA6-9E25-F18F7B5AEB70}"
EndProject
Project("{8BC9CEB8-8B4A-11D0-8D11-00A0C91BC942}") = "TestLab2", "..\TestLab2\TestLab2.vcxproj", "{D7A4CBC4-47C7-46F7-B62B-0D91839221BC}"
EndProject
Global
	GlobalSection(SolutionConfigurationPlatforms) = preSolution
		Debug|x64 = Debug|x64
		Debug|x86 = Debug|x86
		Release|x64 = Release|x64
		Release|x86 = Release|x86
	EndGlobalSection
	GlobalSection(ProjectConfigurationPlatforms) = postSolution
		{6DE03D18-9025-4AA6-9E25-F18F7B5AEB70}.Debug|x64.ActiveCfg = Debug|x64
		{6DE03D18-9025-4AA6-9E25-F18F7B5AEB70}.Debug|x64.Build.0 = Debug|x64
		{6DE03D18-9025-4AA6-9E25-F18F7B5AEB70}.Debug|x86.ActiveCfg = Debug|Win32
		{6DE03D18-9025-4AA6-9E25-F18F7B5AEB70}.Debug|x86.Build.0 = Debug|Win32
		{6DE03D18-9025-4AA6-9E25-F18F7B5AEB70}.Release|x64.ActiveCfg = Release|x64
		{6DE03D18-9025-4AA6-9E25-F18F7B5AEB70}.Release|x64.Build.0 = Release|x64
		{6DE03D18-9025-4AA6-9E25-F18F7B5AEB70}.Release|x86.ActiveCfg = Release|Win32
		{6DE03D18-9025-4AA6-9E25-F18F7B5AEB70}.Release|x86.Build.0 = Release|Win32
		{D7A4CBC4-47C7-46F7-B62B-0D91839221BC}.Debug|x64.ActiveCfg = Debug|x64
		{D7A4CBC4-47C7-46F7-B62B-0D91839221BC}.Debug|x64.Build.0 = Debug|x64
		{D7A4CBC4-47C7-46F7-B62B-0D91839221BC}.Debug|x86.ActiveCfg = Debug|Win32
		{D7A4CBC4-47C7-46F7-B62B-0D91839221BC}.Debug|x86.Build.0 = Debug|Win32
		{D7A4CBC4-47C7-46F7-B62B-0D91839221BC}.Release|x64.ActiveCfg = Release|x64
		{D7A4CBC4-47C7-46F7-B62B-0D91839221BC}.Release|x64.Build.0 = Release|x64
		{D7A4CBC4-47C7-46F7-B62B-0D91839221BC}.Release|x86.ActiveCfg = Release|Win32
		{D7A4CBC4-47C7-46F7-B62B-0D91839221BC}.Release|x86.Build.0 = Release|Win32
	EndGlobalSection
	GlobalSection(SolutionProperties) = preSolution
		HideSolutionNode = FALSE
	EndGlobalSection
	GlobalSection(ExtensibilityGlobals) = postSolution
		SolutionGuid = {080BC538-82D1-4F9A-ABD0-922EFD5C0A44}
	EndGlobalSection
EndGlobal
